
Microsoft Visual Studio Solution File, Format Version 12.00
# Visual Studio 15
VisualStudioVersion = 15.0.27428.2043
MinimumVisualStudioVersion = 10.0.40219.1
Project("{FAE04EC0-301F-11D3-BF4B-00C04F79EFBC}") = "MP3 Player By shantanu", "MP3 Player By shantanu\MP3 Player By shantanu.csproj", "{6861EBE5-4765-4442-9B95-CDAD04540451}"
EndProject
Global
	GlobalSection(SolutionConfigurationPlatforms) = preSolution
		Debug|Any CPU = Debug|Any CPU
		Release|Any CPU = Release|Any CPU
	EndGlobalSection
	GlobalSection(ProjectConfigurationPlatforms) = postSolution
		{6861EBE5-4765-4442-9B95-CDAD04540451}.Debug|Any CPU.ActiveCfg = Debug|Any CPU
		{6861EBE5-4765-4442-9B95-CDAD04540451}.Debug|Any CPU.Build.0 = Debug|Any CPU
		{6861EBE5-4765-4442-9B95-CDAD04540451}.Release|Any CPU.ActiveCfg = Release|Any CPU
		{6861EBE5-4765-4442-9B95-CDAD04540451}.Release|Any CPU.Build.0 = Release|Any CPU
	EndGlobalSection
	GlobalSection(SolutionProperties) = preSolution
		HideSolutionNode = FALSE
	EndGlobalSection
	GlobalSection(ExtensibilityGlobals) = postSolution
		SolutionGuid = {738420F4-0EAF-47DF-A09F-BFA3A7140BA8}
	EndGlobalSection
EndGlobal
